
Microsoft Visual Studio Solution File, Format Version 12.00
# Visual Studio 15
VisualStudioVersion = 15.0.28307.1300
MinimumVisualStudioVersion = 10.0.40219.1
Project("{888888A0-9F3D-457C-B088-3A5042F75D52}") = "dwgb", "dwgb\dwgb.pyproj", "{06D22A70-536F-440F-8980-78CBBBAE402E}"
EndProject
Global
	GlobalSection(SolutionConfigurationPlatforms) = preSolution
		Debug|Any CPU = Debug|Any CPU
		Release|Any CPU = Release|Any CPU
	EndGlobalSection
	GlobalSection(ProjectConfigurationPlatforms) = postSolution
		{06D22A70-536F-440F-8980-78CBBBAE402E}.Debug|Any CPU.ActiveCfg = Debug|Any CPU
		{06D22A70-536F-440F-8980-78CBBBAE402E}.Release|Any CPU.ActiveCfg = Release|Any CPU
	EndGlobalSection
	GlobalSection(SolutionProperties) = preSolution
		HideSolutionNode = FALSE
	EndGlobalSection
	GlobalSection(ExtensibilityGlobals) = postSolution
		SolutionGuid = {94383546-D8B1-483C-A9F1-0F3C41DCA185}
	EndGlobalSection
EndGlobal
